
Microsoft Visual Studio Solution File, Format Version 12.00
# Visual Studio Version 16
VisualStudioVersion = 16.0.30225.117
MinimumVisualStudioVersion = 10.0.40219.1
Project("{FAE04EC0-301F-11D3-BF4B-00C04F79EFBC}") = "STL_Adapter", "STL_Adapter\STL_Adapter.csproj", "{2722C071-B053-4A58-87CC-3E7491C503E9}"
EndProject
Project("{FAE04EC0-301F-11D3-BF4B-00C04F79EFBC}") = "STL_oM", "STL_oM\STL_oM.csproj", "{29661C5B-2B47-4727-B580-3ECC7A0693BB}"
EndProject
Global
	GlobalSection(SolutionConfigurationPlatforms) = preSolution
		Debug|Any CPU = Debug|Any CPU
		Release|Any CPU = Release|Any CPU
	EndGlobalSection
	GlobalSection(ProjectConfigurationPlatforms) = postSolution
		{2722C071-B053-4A58-87CC-3E7491C503E9}.Debug|Any CPU.ActiveCfg = Debug|Any CPU
		{2722C071-B053-4A58-87CC-3E7491C503E9}.Debug|Any CPU.Build.0 = Debug|Any CPU
		{2722C071-B053-4A58-87CC-3E7491C503E9}.Release|Any CPU.ActiveCfg = Release|Any CPU
		{2722C071-B053-4A58-87CC-3E7491C503E9}.Release|Any CPU.Build.0 = Release|Any CPU
		{29661C5B-2B47-4727-B580-3ECC7A0693BB}.Debug|Any CPU.ActiveCfg = Debug|Any CPU
		{29661C5B-2B47-4727-B580-3ECC7A0693BB}.Debug|Any CPU.Build.0 = Debug|Any CPU
		{29661C5B-2B47-4727-B580-3ECC7A0693BB}.Release|Any CPU.ActiveCfg = Release|Any CPU
		{29661C5B-2B47-4727-B580-3ECC7A0693BB}.Release|Any CPU.Build.0 = Release|Any CPU
	EndGlobalSection
	GlobalSection(SolutionProperties) = preSolution
		HideSolutionNode = FALSE
	EndGlobalSection
	GlobalSection(ExtensibilityGlobals) = postSolution
		SolutionGuid = {7E736561-F4C1-42A8-990D-F8CECE66218B}
	EndGlobalSection
EndGlobal
